PODS:
  - BuzzSDK (3.3.7):
    - OMSDK_Buzztechno (= 1.3.12)
  - OMSDK_Buzztechno (1.3.12)

DEPENDENCIES:
  - BuzzSDK (= 3.3.7)

SPEC REPOS:
  https://github.com/CocoaPods/Specs.git:
    - BuzzSDK
    - OMSDK_Buzztechno

SPEC CHECKSUMS:
  BuzzSDK: dd2704e3a779dc1c2ffe86ed35232ee5cbdc0d5f
  OMSDK_Buzztechno: d8a869e4de1106391d3ac80bd70b379dde39459f

PODFILE CHECKSUM: 603d660c34a46415e87b3cf301002b80eab4c655

COCOAPODS: 1.10.0
